Microsoft Visual Studio Solution File, Format Version 12.00
# Visual Studio Version 17
VisualStudioVersion = 17.5.2.0
MinimumVisualStudioVersion = 10.0.40219.1
Project("{2150E333-8FDC-42A3-9474-1A3956D46DE8}") = "CaseConversionAPI", "CaseConversionAPI", "{35A62FC1-394E-78CD-A904-BE1AE0125E40}"
EndProject
Project("{FAE04EC0-301F-11D3-BF4B-00C04F79EFBC}") = "DotNetAPI", "CaseConversionAPI\DotNetAPI\DotNetAPI.csproj", "{B99061A1-BA07-A544-FF2F-52F4ACD83A5E}"
EndProject
Project("{2150E333-8FDC-42A3-9474-1A3956D46DE8}") = "tests", "tests", "{88E21EE6-46CE-30AE-C60D-E77A2081B5E3}"
EndProject
Project("{2150E333-8FDC-42A3-9474-1A3956D46DE8}") = "DotNetTests", "DotNetTests", "{EC68A6FC-2415-E336-67C3-74BFDB88E4F2}"
EndProject
Project("{FAE04EC0-301F-11D3-BF4B-00C04F79EFBC}") = "DotNetAPI.Tests", "CaseConversionAPI\tests\DotNetTests\DotNetAPI.Tests.csproj", "{6C8DC78E-ED2B-7A06-C5E4-2D8810990674}"
EndProject
Global
	GlobalSection(SolutionConfigurationPlatforms) = preSolution
		Debug|Any CPU = Debug|Any CPU
		Release|Any CPU = Release|Any CPU
	EndGlobalSection
	GlobalSection(ProjectConfigurationPlatforms) = postSolution
		{B99061A1-BA07-A544-FF2F-52F4ACD83A5E}.Debug|Any CPU.ActiveCfg = Debug|Any CPU
		{B99061A1-BA07-A544-FF2F-52F4ACD83A5E}.Debug|Any CPU.Build.0 = Debug|Any CPU
		{B99061A1-BA07-A544-FF2F-52F4ACD83A5E}.Release|Any CPU.ActiveCfg = Release|Any CPU
		{B99061A1-BA07-A544-FF2F-52F4ACD83A5E}.Release|Any CPU.Build.0 = Release|Any CPU
		{6C8DC78E-ED2B-7A06-C5E4-2D8810990674}.Debug|Any CPU.ActiveCfg = Debug|Any CPU
		{6C8DC78E-ED2B-7A06-C5E4-2D8810990674}.Debug|Any CPU.Build.0 = Debug|Any CPU
		{6C8DC78E-ED2B-7A06-C5E4-2D8810990674}.Release|Any CPU.ActiveCfg = Release|Any CPU
		{6C8DC78E-ED2B-7A06-C5E4-2D8810990674}.Release|Any CPU.Build.0 = Release|Any CPU
	EndGlobalSection
	GlobalSection(SolutionProperties) = preSolution
		HideSolutionNode = FALSE
	EndGlobalSection
	GlobalSection(NestedProjects) = preSolution
		{B99061A1-BA07-A544-FF2F-52F4ACD83A5E} = {35A62FC1-394E-78CD-A904-BE1AE0125E40}
		{88E21EE6-46CE-30AE-C60D-E77A2081B5E3} = {35A62FC1-394E-78CD-A904-BE1AE0125E40}
		{EC68A6FC-2415-E336-67C3-74BFDB88E4F2} = {88E21EE6-46CE-30AE-C60D-E77A2081B5E3}
		{6C8DC78E-ED2B-7A06-C5E4-2D8810990674} = {EC68A6FC-2415-E336-67C3-74BFDB88E4F2}
	EndGlobalSection
	GlobalSection(ExtensibilityGlobals) = postSolution
		SolutionGuid = {4DF9D160-9B3F-42D9-AE22-5BD52F5FA622}
	EndGlobalSection
EndGlobal
